
Microsoft Visual Studio Solution File, Format Version 12.00
# Visual Studio Version 17
VisualStudioVersion = 17.8.34511.84
MinimumVisualStudioVersion = 10.0.40219.1
Project("{FAE04EC0-301F-11D3-BF4B-00C04F79EFBC}") = "EntityFrameworkWebApiExample", "EntityFrameworkWebApiExample\EntityFrameworkWebApiExample.csproj", "{08EB28D2-B42F-49EC-8E64-7BD5BD567FF2}"
EndProject
Project("{FAE04EC0-301F-11D3-BF4B-00C04F79EFBC}") = "EntityFrameworkWebApiExample.Repositories", "EntityFrameworkWebApiExample.Repositories\EntityFrameworkWebApiExample.Repositories.csproj", "{665253BA-AD55-496A-B1DE-CF881FF6889A}"
EndProject
Global
	GlobalSection(SolutionConfigurationPlatforms) = preSolution
		Debug|Any CPU = Debug|Any CPU
		Release|Any CPU = Release|Any CPU
	EndGlobalSection
	GlobalSection(ProjectConfigurationPlatforms) = postSolution
		{08EB28D2-B42F-49EC-8E64-7BD5BD567FF2}.Debug|Any CPU.ActiveCfg = Debug|Any CPU
		{08EB28D2-B42F-49EC-8E64-7BD5BD567FF2}.Debug|Any CPU.Build.0 = Debug|Any CPU
		{08EB28D2-B42F-49EC-8E64-7BD5BD567FF2}.Release|Any CPU.ActiveCfg = Release|Any CPU
		{08EB28D2-B42F-49EC-8E64-7BD5BD567FF2}.Release|Any CPU.Build.0 = Release|Any CPU
		{665253BA-AD55-496A-B1DE-CF881FF6889A}.Debug|Any CPU.ActiveCfg = Debug|Any CPU
		{665253BA-AD55-496A-B1DE-CF881FF6889A}.Debug|Any CPU.Build.0 = Debug|Any CPU
		{665253BA-AD55-496A-B1DE-CF881FF6889A}.Release|Any CPU.ActiveCfg = Release|Any CPU
		{665253BA-AD55-496A-B1DE-CF881FF6889A}.Release|Any CPU.Build.0 = Release|Any CPU
	EndGlobalSection
	GlobalSection(SolutionProperties) = preSolution
		HideSolutionNode = FALSE
	EndGlobalSection
	GlobalSection(ExtensibilityGlobals) = postSolution
		SolutionGuid = {E10F2DD5-FB32-4581-AFA1-E5177AD2C2DD}
	EndGlobalSection
EndGlobal
